
Microsoft Visual Studio Solution File, Format Version 12.00
# Visual Studio Version 16
VisualStudioVersion = 16.0.30523.141
MinimumVisualStudioVersion = 10.0.40219.1
Project("{FAE04EC0-301F-11D3-BF4B-00C04F79EFBC}") = "WinShutdown", "WinShutdown.csproj", "{CF9DB0B6-26C7-47EC-A22C-09B794F41DCB}"
EndProject
Global
	GlobalSection(SolutionConfigurationPlatforms) = preSolution
		Debug|Any CPU = Debug|Any CPU
		Release|Any CPU = Release|Any CPU
	EndGlobalSection
	GlobalSection(ProjectConfigurationPlatforms) = postSolution
		{CF9DB0B6-26C7-47EC-A22C-09B794F41DCB}.Debug|Any CPU.ActiveCfg = Debug|Any CPU
		{CF9DB0B6-26C7-47EC-A22C-09B794F41DCB}.Debug|Any CPU.Build.0 = Debug|Any CPU
		{CF9DB0B6-26C7-47EC-A22C-09B794F41DCB}.Release|Any CPU.ActiveCfg = Release|Any CPU
		{CF9DB0B6-26C7-47EC-A22C-09B794F41DCB}.Release|Any CPU.Build.0 = Release|Any CPU
	EndGlobalSection
	GlobalSection(SolutionProperties) = preSolution
		HideSolutionNode = FALSE
	EndGlobalSection
	GlobalSection(ExtensibilityGlobals) = postSolution
		SolutionGuid = {F608550C-D868-4864-96A8-29F1749F5EF6}
	EndGlobalSection
EndGlobal
